
Microsoft Visual Studio Solution File, Format Version 12.00
# Visual Studio Version 17
VisualStudioVersion = 17.9.34728.123
MinimumVisualStudioVersion = 10.0.40219.1
Project("{FAE04EC0-301F-11D3-BF4B-00C04F79EFBC}") = "THREADS-Labb2", "THREADS-Labb2\THREADS-Labb2.csproj", "{98CD9F89-EB2C-4E0F-BEF4-D2D9D927A2F0}"
EndProject
Global
	GlobalSection(SolutionConfigurationPlatforms) = preSolution
		Debug|Any CPU = Debug|Any CPU
		Release|Any CPU = Release|Any CPU
	EndGlobalSection
	GlobalSection(ProjectConfigurationPlatforms) = postSolution
		{98CD9F89-EB2C-4E0F-BEF4-D2D9D927A2F0}.Debug|Any CPU.ActiveCfg = Debug|Any CPU
		{98CD9F89-EB2C-4E0F-BEF4-D2D9D927A2F0}.Debug|Any CPU.Build.0 = Debug|Any CPU
		{98CD9F89-EB2C-4E0F-BEF4-D2D9D927A2F0}.Release|Any CPU.ActiveCfg = Release|Any CPU
		{98CD9F89-EB2C-4E0F-BEF4-D2D9D927A2F0}.Release|Any CPU.Build.0 = Release|Any CPU
	EndGlobalSection
	GlobalSection(SolutionProperties) = preSolution
		HideSolutionNode = FALSE
	EndGlobalSection
	GlobalSection(ExtensibilityGlobals) = postSolution
		SolutionGuid = {9A6FCF9B-1933-4C59-8C9A-87A0E1E4D02D}
	EndGlobalSection
EndGlobal
